
Microsoft Visual Studio Solution File, Format Version 12.00
# Visual Studio 15
VisualStudioVersion = 15.0.27130.2010
MinimumVisualStudioVersion = 10.0.40219.1
Project("{FAE04EC0-301F-11D3-BF4B-00C04F79EFBC}") = "Graphics1", "Graphics1\Graphics1.csproj", "{D05989AE-ECD7-44B5-8FA4-D83EBA099E79}"
EndProject
Global
	GlobalSection(SolutionConfigurationPlatforms) = preSolution
		Debug|Any CPU = Debug|Any CPU
		Release|Any CPU = Release|Any CPU
	EndGlobalSection
	GlobalSection(ProjectConfigurationPlatforms) = postSolution
		{D05989AE-ECD7-44B5-8FA4-D83EBA099E79}.Debug|Any CPU.ActiveCfg = Debug|Any CPU
		{D05989AE-ECD7-44B5-8FA4-D83EBA099E79}.Debug|Any CPU.Build.0 = Debug|Any CPU
		{D05989AE-ECD7-44B5-8FA4-D83EBA099E79}.Release|Any CPU.ActiveCfg = Release|Any CPU
		{D05989AE-ECD7-44B5-8FA4-D83EBA099E79}.Release|Any CPU.Build.0 = Release|Any CPU
	EndGlobalSection
	GlobalSection(SolutionProperties) = preSolution
		HideSolutionNode = FALSE
	EndGlobalSection
	GlobalSection(ExtensibilityGlobals) = postSolution
		SolutionGuid = {7EDA24DC-AA98-4BF3-8644-FE496C02090B}
	EndGlobalSection
EndGlobal
